{
  "meteor": {},
  "dependencies": {
    "basePackages": {
      "reactive-ace": {}
    },
    "packages": {
      "reactive-ace": {
        "git": "https://github.com/mad-eye/meteor-reactive-ace.git",
        "tag": "v0.0.4",
        "commit": "9db4f200d7c27c61b242b7cc6a64bad7d2b3794c"
      }
    }
  }
}
