{
  "meteor": {},
  "dependencies": {
    "basePackages": {
      "reactive-ace": {
        "git": "git@github.com:mad-eye/meteor-reactive-ace.git",
        "branch": "master"
      }
    },
    "packages": {
      "reactive-ace": {
        "git": "git@github.com:mad-eye/meteor-reactive-ace.git",
        "branch": "master",
        "commit": "bbe39b8f47885d6b60ab11fd44af769d273e9975"
      }
    }
  }
}
